{
  "nodes": {
    "disko": {
      "inputs": {
        "nixpkgs": "nixpkgs"
      },
      "locked": {
        "lastModified": 1719640067,
        "narHash": "sha256-ZEJFGHnElbMH3JgnFANxOlJgniFamu9MemvHCMQZtpA=",
        "owner": "nix-community",
        "repo": "disko",
        "rev": "423b86a7f756421325e71663ada79a199bf13408",
        "type": "github"
      },
      "original": {
        "owner": "nix-community",
        "repo": "disko",
        "type": "github"
      }
    },
    "nixpkgs": {
      "locked": {
        "lastModified": 1719379843,
        "narHash": "sha256-u+D+IOAMMl70+CJ9NKB+RMrASjInuIWMHzjLWQjPZ6c=",
        "owner": "NixOS",
        "repo": "nixpkgs",
        "rev": "b3f3c1b13fb08f3828442ee86630362e81136bbc",
        "type": "github"
      },
      "original": {
        "owner": "NixOS",
        "ref": "nixpkgs-unstable",
        "repo": "nixpkgs",
        "type": "github"
      }
    },
    "nixpkgs_2": {
      "locked": {
        "lastModified": 1719666647,
        "narHash": "sha256-HBB91OEQH0mfyylEqCszWr890U9VyNufGpqdE/0HPrY=",
        "owner": "NixOS",
        "repo": "nixpkgs",
        "rev": "31362ec777beefe9086973afc4986c7f99f9ac62",
        "type": "github"
      },
      "original": {
        "owner": "NixOS",
        "ref": "release-24.05",
        "repo": "nixpkgs",
        "type": "github"
      }
    },
    "root": {
      "inputs": {
        "disko": "disko",
        "nixpkgs": "nixpkgs_2"
      }
    }
  },
  "root": "root",
  "version": 7
}
